{
  "name": "test",
  "version": "1.0.0",
  "lockfileVersion": 1,
  "requires": true,
  "dependencies": {
    "enpix-node": {
      "version": "1.0.1",
      "resolved": "https://registry.npmjs.org/enpix-node/-/enpix-node-1.0.1.tgz",
      "integrity": "sha512-Yb3DV69U7J6bZA4lQNOGpZTdZR+hCfrinnDHZs8klTzvBkyrQ9n3shRC0mW/aERwhkoiET6HfRRKUaLlFizYUg=="
    }
  }
}
